
Microsoft Visual Studio Solution File, Format Version 9.00
# Visual Studio 2005
Project("{F184B08F-C81C-45F6-A57F-5ABD9991F28F}") = "digioz.file.utilities_demo", "digioz.file.utilities_demo.vbproj", "{315C692B-F48B-416E-9CEF-9BA90517D0B3}"
EndProject
Global
	GlobalSection(SolutionConfigurationPlatforms) = preSolution
		Debug|Any CPU = Debug|Any CPU
		Release|Any CPU = Release|Any CPU
	EndGlobalSection
	GlobalSection(ProjectConfigurationPlatforms) = postSolution
		{315C692B-F48B-416E-9CEF-9BA90517D0B3}.Debug|Any CPU.ActiveCfg = Debug|Any CPU
		{315C692B-F48B-416E-9CEF-9BA90517D0B3}.Debug|Any CPU.Build.0 = Debug|Any CPU
		{315C692B-F48B-416E-9CEF-9BA90517D0B3}.Release|Any CPU.ActiveCfg = Release|Any CPU
		{315C692B-F48B-416E-9CEF-9BA90517D0B3}.Release|Any CPU.Build.0 = Release|Any CPU
	EndGlobalSection
	GlobalSection(SolutionProperties) = preSolution
		HideSolutionNode = FALSE
	EndGlobalSection
EndGlobal
