Microsoft Visual Studio Solution File, Format Version 8.00
Project("{F184B08F-C81C-45F6-A57F-5ABD9991F28F}") = "digiozFileTrans", "digiozFileTrans.vbproj", "{5A9D69A7-8CE1-46F4-BC8D-F6C3548DFBFF}"
	ProjectSection(ProjectDependencies) = postProject
	EndProjectSection
EndProject
Global
	GlobalSection(SolutionConfiguration) = preSolution
		Debug = Debug
		Release = Release
	EndGlobalSection
	GlobalSection(ProjectConfiguration) = postSolution
		{5A9D69A7-8CE1-46F4-BC8D-F6C3548DFBFF}.Debug.ActiveCfg = Debug|.NET
		{5A9D69A7-8CE1-46F4-BC8D-F6C3548DFBFF}.Debug.Build.0 = Debug|.NET
		{5A9D69A7-8CE1-46F4-BC8D-F6C3548DFBFF}.Release.ActiveCfg = Release|.NET
		{5A9D69A7-8CE1-46F4-BC8D-F6C3548DFBFF}.Release.Build.0 = Release|.NET
	EndGlobalSection
	GlobalSection(ExtensibilityGlobals) = postSolution
	EndGlobalSection
	GlobalSection(ExtensibilityAddIns) = postSolution
	EndGlobalSection
EndGlobal
